
Microsoft Visual Studio Solution File, Format Version 12.00
# Visual Studio Version 17
VisualStudioVersion = 17.11.35312.102
MinimumVisualStudioVersion = 10.0.40219.1
Project("{F184B08F-C81C-45F6-A57F-5ABD9991F28F}") = "tablaMultiplicar", "tablaMultiplicar\tablaMultiplicar.vbproj", "{A4D90C78-761D-4F6B-A888-788B1854F4C4}"
EndProject
Global
	GlobalSection(SolutionConfigurationPlatforms) = preSolution
		Debug|Any CPU = Debug|Any CPU
		Release|Any CPU = Release|Any CPU
	EndGlobalSection
	GlobalSection(ProjectConfigurationPlatforms) = postSolution
		{A4D90C78-761D-4F6B-A888-788B1854F4C4}.Debug|Any CPU.ActiveCfg = Debug|Any CPU
		{A4D90C78-761D-4F6B-A888-788B1854F4C4}.Debug|Any CPU.Build.0 = Debug|Any CPU
		{A4D90C78-761D-4F6B-A888-788B1854F4C4}.Release|Any CPU.ActiveCfg = Release|Any CPU
		{A4D90C78-761D-4F6B-A888-788B1854F4C4}.Release|Any CPU.Build.0 = Release|Any CPU
	EndGlobalSection
	GlobalSection(SolutionProperties) = preSolution
		HideSolutionNode = FALSE
	EndGlobalSection
	GlobalSection(ExtensibilityGlobals) = postSolution
		SolutionGuid = {58F0B60C-02CD-42FF-9F0F-537F667D81DF}
	EndGlobalSection
EndGlobal
