
Microsoft Visual Studio Solution File, Format Version 12.00
# Visual Studio Version 17
VisualStudioVersion = 17.11.35312.102
MinimumVisualStudioVersion = 10.0.40219.1
Project("{F184B08F-C81C-45F6-A57F-5ABD9991F28F}") = "DescuentoProducto", "DescuentoProducto\DescuentoProducto.vbproj", "{D70D335F-6F23-48A2-8226-75FB404F8F2A}"
EndProject
Global
	GlobalSection(SolutionConfigurationPlatforms) = preSolution
		Debug|Any CPU = Debug|Any CPU
		Release|Any CPU = Release|Any CPU
	EndGlobalSection
	GlobalSection(ProjectConfigurationPlatforms) = postSolution
		{D70D335F-6F23-48A2-8226-75FB404F8F2A}.Debug|Any CPU.ActiveCfg = Debug|Any CPU
		{D70D335F-6F23-48A2-8226-75FB404F8F2A}.Debug|Any CPU.Build.0 = Debug|Any CPU
		{D70D335F-6F23-48A2-8226-75FB404F8F2A}.Release|Any CPU.ActiveCfg = Release|Any CPU
		{D70D335F-6F23-48A2-8226-75FB404F8F2A}.Release|Any CPU.Build.0 = Release|Any CPU
	EndGlobalSection
	GlobalSection(SolutionProperties) = preSolution
		HideSolutionNode = FALSE
	EndGlobalSection
	GlobalSection(ExtensibilityGlobals) = postSolution
		SolutionGuid = {34076D0D-788E-4B3B-8849-FD2E1314B0E5}
	EndGlobalSection
EndGlobal
